// !$*UTF8*$!
{
	archiveVersion = 1;
	classes = {
	};
	objectVersion = 50;
	objects = {

/* Begin PBXBuildFile section */
		F6648FB720BBFCC900760EA2 /* AppDelegate.swift in Sources */ = {isa = PBXBuildFile; fileRef = F6648FB620BBFCC900760EA2 /* AppDelegate.swift */; };
		F6648FB920BBFCC900760EA2 /* PokeListVC.swift in Sources */ = {isa = PBXBuildFile; fileRef = F6648FB820BBFCC900760EA2 /* PokeListVC.swift */; };
		F6648FBC20BBFCC900760EA2 /* Main.storyboard in Resources */ = {isa = PBXBuildFile; fileRef = F6648FBA20BBFCC900760EA2 /* Main.storyboard */; };
		F6648FBF20BBFCC900760EA2 /* Pokedex.xcdatamodeld in Sources */ = {isa = PBXBuildFile; fileRef = F6648FBD20BBFCC900760EA2 /* Pokedex.xcdatamodeld */; };
		F6648FC120BBFCCA00760EA2 /* Assets.xcassets in Resources */ = {isa = PBXBuildFile; fileRef = F6648FC020BBFCCA00760EA2 /* Assets.xcassets */; };
		F6648FC420BBFCCA00760EA2 /* LaunchScreen.storyboard in Resources */ = {isa = PBXBuildFile; fileRef = F6648FC220BBFCCA00760EA2 /* LaunchScreen.storyboard */; };
		F6648FCF20BC026B00760EA2 /* Pokemon.swift in Sources */ = {isa = PBXBuildFile; fileRef = F6648FCE20BC026B00760EA2 /* Pokemon.swift */; };
		F6648FD120BC059900760EA2 /* pokemon.csv in Resources */ = {isa = PBXBuildFile; fileRef = F6648FD020BC059900760EA2 /* pokemon.csv */; };
		F6648FD320BC105300760EA2 /* PokeCell.swift in Sources */ = {isa = PBXBuildFile; fileRef = F6648FD220BC105300760EA2 /* PokeCell.swift */; };
		F6648FD520BC30D400760EA2 /* csv.swift in Sources */ = {isa = PBXBuildFile; fileRef = F6648FD420BC30D400760EA2 /* csv.swift */; };
		F6648FD820BC39AD00760EA2 /* Pokemon Solid.ttf in Resources */ = {isa = PBXBuildFile; fileRef = F6648FD720BC39AD00760EA2 /* Pokemon Solid.ttf */; };
		F6648FDC20BC3C6D00760EA2 /* music.png in Resources */ = {isa = PBXBuildFile; fileRef = F6648FDA20BC3C6C00760EA2 /* music.png */; };
		F6648FDD20BC3C6D00760EA2 /* music.mp3 in Resources */ = {isa = PBXBuildFile; fileRef = F6648FDB20BC3C6D00760EA2 /* music.mp3 */; };
/* End PBXBuildFile section */

/* Begin PBXFileReference section */
		F6648FB320BBFCC900760EA2 /* Pokedex.app */ = {isa = PBXFileReference; explicitFileType = wrapper.application; includeInIndex = 0; path = Pokedex.app; sourceTree = BUILT_PRODUCTS_DIR; };
		F6648FB620BBFCC900760EA2 /* AppDelegate.swift */ = {isa = PBXFileReference; lastKnownFileType = sourcecode.swift; path = AppDelegate.swift; sourceTree = "<group>"; };
		F6648FB820BBFCC900760EA2 /* PokeListVC.swift */ = {isa = PBXFileReference; lastKnownFileType = sourcecode.swift; path = PokeListVC.swift; sourceTree = "<group>"; };
		F6648FBB20BBFCC900760EA2 /* Base */ = {isa = PBXFileReference; lastKnownFileType = file.storyboard; name = Base; path = Base.lproj/Main.storyboard; sourceTree = "<group>"; };
		F6648FBE20BBFCC900760EA2 /* Pokedex.xcdatamodel */ = {isa = PBXFileReference; lastKnownFileType = wrapper.xcdatamodel; path = Pokedex.xcdatamodel; sourceTree = "<group>"; };
		F6648FC020BBFCCA00760EA2 /* Assets.xcassets */ = {isa = PBXFileReference; lastKnownFileType = folder.assetcatalog; path = Assets.xcassets; sourceTree = "<group>"; };
		F6648FC320BBFCCA00760EA2 /* Base */ = {isa = PBXFileReference; lastKnownFileType = file.storyboard; name = Base; path = Base.lproj/LaunchScreen.storyboard; sourceTree = "<group>"; };
		F6648FC520BBFCCA00760EA2 /* Info.plist */ = {isa = PBXFileReference; lastKnownFileType = text.plist.xml; path = Info.plist; sourceTree = "<group>"; };
		F6648FCE20BC026B00760EA2 /* Pokemon.swift */ = {isa = PBXFileReference; lastKnownFileType = sourcecode.swift; path = Pokemon.swift; sourceTree = "<group>"; };
		F6648FD020BC059900760EA2 /* pokemon.csv */ = {isa = PBXFileReference; fileEncoding = 4; lastKnownFileType = text; path = pokemon.csv; sourceTree = "<group>"; };
		F6648FD220BC105300760EA2 /* PokeCell.swift */ = {isa = PBXFileReference; lastKnownFileType = sourcecode.swift; path = PokeCell.swift; sourceTree = "<group>"; };
		F6648FD420BC30D400760EA2 /* csv.swift */ = {isa = PBXFileReference; fileEncoding = 4; lastKnownFileType = sourcecode.swift; path = csv.swift; sourceTree = "<group>"; };
		F6648FD720BC39AD00760EA2 /* Pokemon Solid.ttf */ = {isa = PBXFileReference; lastKnownFileType = file; path = "Pokemon Solid.ttf"; sourceTree = "<group>"; };
		F6648FDA20BC3C6C00760EA2 /* music.png */ = {isa = PBXFileReference; lastKnownFileType = image.png; path = music.png; sourceTree = "<group>"; };
		F6648FDB20BC3C6D00760EA2 /* music.mp3 */ = {isa = PBXFileReference; lastKnownFileType = audio.mp3; path = music.mp3; sourceTree = "<group>"; };
/* End PBXFileReference section */

/* Begin PBXFrameworksBuildPhase section */
		F6648FB020BBFCC900760EA2 /* Frameworks */ = {
			isa = PBXFrameworksBuildPhase;
			buildActionMask = 2147483647;
			files = (
			);
			runOnlyForDeploymentPostprocessing = 0;
		};
/* End PBXFrameworksBuildPhase section */

/* Begin PBXGroup section */
		F6648FAA20BBFCC900760EA2 = {
			isa = PBXGroup;
			children = (
				F6648FB520BBFCC900760EA2 /* Pokedex */,
				F6648FB420BBFCC900760EA2 /* Products */,
			);
			sourceTree = "<group>";
		};
		F6648FB420BBFCC900760EA2 /* Products */ = {
			isa = PBXGroup;
			children = (
				F6648FB320BBFCC900760EA2 /* Pokedex.app */,
			);
			name = Products;
			sourceTree = "<group>";
		};
		F6648FB520BBFCC900760EA2 /* Pokedex */ = {
			isa = PBXGroup;
			children = (
				F6648FCB20BC022A00760EA2 /* Model */,
				F6648FCC20BC023900760EA2 /* View */,
				F6648FCD20BC023E00760EA2 /* Controller */,
				F6648FD620BC398000760EA2 /* Resources */,
				F6648FD920BC3A5A00760EA2 /* Utilities */,
				F6648FB620BBFCC900760EA2 /* AppDelegate.swift */,
				F6648FBA20BBFCC900760EA2 /* Main.storyboard */,
				F6648FC020BBFCCA00760EA2 /* Assets.xcassets */,
				F6648FC220BBFCCA00760EA2 /* LaunchScreen.storyboard */,
				F6648FC520BBFCCA00760EA2 /* Info.plist */,
				F6648FBD20BBFCC900760EA2 /* Pokedex.xcdatamodeld */,
			);
			path = Pokedex;
			sourceTree = "<group>";
		};
		F6648FCB20BC022A00760EA2 /* Model */ = {
			isa = PBXGroup;
			children = (
				F6648FCE20BC026B00760EA2 /* Pokemon.swift */,
			);
			path = Model;
			sourceTree = "<group>";
		};
		F6648FCC20BC023900760EA2 /* View */ = {
			isa = PBXGroup;
			children = (
				F6648FD220BC105300760EA2 /* PokeCell.swift */,
			);
			path = View;
			sourceTree = "<group>";
		};
		F6648FCD20BC023E00760EA2 /* Controller */ = {
			isa = PBXGroup;
			children = (
				F6648FB820BBFCC900760EA2 /* PokeListVC.swift */,
			);
			path = Controller;
			sourceTree = "<group>";
		};
		F6648FD620BC398000760EA2 /* Resources */ = {
			isa = PBXGroup;
			children = (
				F6648FDB20BC3C6D00760EA2 /* music.mp3 */,
				F6648FDA20BC3C6C00760EA2 /* music.png */,
				F6648FD720BC39AD00760EA2 /* Pokemon Solid.ttf */,
				F6648FD020BC059900760EA2 /* pokemon.csv */,
			);
			path = Resources;
			sourceTree = "<group>";
		};
		F6648FD920BC3A5A00760EA2 /* Utilities */ = {
			isa = PBXGroup;
			children = (
				F6648FD420BC30D400760EA2 /* csv.swift */,
			);
			path = Utilities;
			sourceTree = "<group>";
		};
/* End PBXGroup section */

/* Begin PBXNativeTarget section */
		F6648FB220BBFCC900760EA2 /* Pokedex */ = {
			isa = PBXNativeTarget;
			buildConfigurationList = F6648FC820BBFCCA00760EA2 /* Build configuration list for PBXNativeTarget "Pokedex" */;
			buildPhases = (
				F6648FAF20BBFCC900760EA2 /* Sources */,
				F6648FB020BBFCC900760EA2 /* Frameworks */,
				F6648FB120BBFCC900760EA2 /* Resources */,
			);
			buildRules = (
			);
			dependencies = (
			);
			name = Pokedex;
			productName = Pokedex;
			productReference = F6648FB320BBFCC900760EA2 /* Pokedex.app */;
			productType = "com.apple.product-type.application";
		};
/* End PBXNativeTarget section */

/* Begin PBXProject section */
		F6648FAB20BBFCC900760EA2 /* Project object */ = {
			isa = PBXProject;
			attributes = {
				LastSwiftUpdateCheck = 0930;
				LastUpgradeCheck = 0930;
				ORGANIZATIONNAME = "Davide Popolano";
				TargetAttributes = {
					F6648FB220BBFCC900760EA2 = {
						CreatedOnToolsVersion = 9.3.1;
					};
				};
			};
			buildConfigurationList = F6648FAE20BBFCC900760EA2 /* Build configuration list for PBXProject "Pokedex" */;
			compatibilityVersion = "Xcode 9.3";
			developmentRegion = en;
			hasScannedForEncodings = 0;
			knownRegions = (
				en,
				Base,
			);
			mainGroup = F6648FAA20BBFCC900760EA2;
			productRefGroup = F6648FB420BBFCC900760EA2 /* Products */;
			projectDirPath = "";
			projectRoot = "";
			targets = (
				F6648FB220BBFCC900760EA2 /* Pokedex */,
			);
		};
/* End PBXProject section */

/* Begin PBXResourcesBuildPhase section */
		F6648FB120BBFCC900760EA2 /* Resources */ = {
			isa = PBXResourcesBuildPhase;
			buildActionMask = 2147483647;
			files = (
				F6648FD820BC39AD00760EA2 /* Pokemon Solid.ttf in Resources */,
				F6648FC420BBFCCA00760EA2 /* LaunchScreen.storyboard in Resources */,
				F6648FC120BBFCCA00760EA2 /* Assets.xcassets in Resources */,
				F6648FD120BC059900760EA2 /* pokemon.csv in Resources */,
				F6648FBC20BBFCC900760EA2 /* Main.storyboard in Resources */,
				F6648FDD20BC3C6D00760EA2 /* music.mp3 in Resources */,
				F6648FDC20BC3C6D00760EA2 /* music.png in Resources */,
			);
			runOnlyForDeploymentPostprocessing = 0;
		};
/* End PBXResourcesBuildPhase section */

/* Begin PBXSourcesBuildPhase section */
		F6648FAF20BBFCC900760EA2 /* Sources */ = {
			isa = PBXSourcesBuildPhase;
			buildActionMask = 2147483647;
			files = (
				F6648FD520BC30D400760EA2 /* csv.swift in Sources */,
				F6648FB920BBFCC900760EA2 /* PokeListVC.swift in Sources */,
				F6648FCF20BC026B00760EA2 /* Pokemon.swift in Sources */,
				F6648FBF20BBFCC900760EA2 /* Pokedex.xcdatamodeld in Sources */,
				F6648FB720BBFCC900760EA2 /* AppDelegate.swift in Sources */,
				F6648FD320BC105300760EA2 /* PokeCell.swift in Sources */,
			);
			runOnlyForDeploymentPostprocessing = 0;
		};
/* End PBXSourcesBuildPhase section */

/* Begin PBXVariantGroup section */
		F6648FBA20BBFCC900760EA2 /* Main.storyboard */ = {
			isa = PBXVariantGroup;
			children = (
				F6648FBB20BBFCC900760EA2 /* Base */,
			);
			name = Main.storyboard;
			sourceTree = "<group>";
		};
		F6648FC220BBFCCA00760EA2 /* LaunchScreen.storyboard */ = {
			isa = PBXVariantGroup;
			children = (
				F6648FC320BBFCCA00760EA2 /* Base */,
			);
			name = LaunchScreen.storyboard;
			sourceTree = "<group>";
		};
/* End PBXVariantGroup section */

/* Begin XCBuildConfiguration section */
		F6648FC620BBFCCA00760EA2 /* Debug */ = {
			isa = XCBuildConfiguration;
			buildSettings = {
				ALWAYS_SEARCH_USER_PATHS = NO;
				CLANG_ANALYZER_NONNULL = YES;
				CLANG_ANALYZER_NUMBER_OBJECT_CONVERSION = YES_AGGRESSIVE;
				CLANG_CXX_LANGUAGE_STANDARD = "gnu++14";
				CLANG_CXX_LIBRARY = "libc++";
				CLANG_ENABLE_MODULES = YES;
				CLANG_ENABLE_OBJC_ARC = YES;
				CLANG_ENABLE_OBJC_WEAK = YES;
				CLANG_WARN_BLOCK_CAPTURE_AUTORELEASING = YES;
				CLANG_WARN_BOOL_CONVERSION = YES;
				CLANG_WARN_COMMA = YES;
				CLANG_WARN_CONSTANT_CONVERSION = YES;
				CLANG_WARN_DEPRECATED_OBJC_IMPLEMENTATIONS = YES;
				CLANG_WARN_DIRECT_OBJC_ISA_USAGE = YES_ERROR;
				CLANG_WARN_DOCUMENTATION_COMMENTS = YES;
				CLANG_WARN_EMPTY_BODY = YES;
				CLANG_WARN_ENUM_CONVERSION = YES;
				CLANG_WARN_INFINITE_RECURSION = YES;
				CLANG_WARN_INT_CONVERSION = YES;
				CLANG_WARN_NON_LITERAL_NULL_CONVERSION = YES;
				CLANG_WARN_OBJC_IMPLICIT_RETAIN_SELF = YES;
				CLANG_WARN_OBJC_LITERAL_CONVERSION = YES;
				CLANG_WARN_OBJC_ROOT_CLASS = YES_ERROR;
				CLANG_WARN_RANGE_LOOP_ANALYSIS = YES;
				CLANG_WARN_STRICT_PROTOTYPES = YES;
				CLANG_WARN_SUSPICIOUS_MOVE = YES;
				CLANG_WARN_UNGUARDED_AVAILABILITY = YES_AGGRESSIVE;
				CLANG_WARN_UNREACHABLE_CODE = YES;
				CLANG_WARN__DUPLICATE_METHOD_MATCH = YES;
				CODE_SIGN_IDENTITY = "iPhone Developer";
				COPY_PHASE_STRIP = NO;
				DEBUG_INFORMATION_FORMAT = dwarf;
				ENABLE_STRICT_OBJC_MSGSEND = YES;
				ENABLE_TESTABILITY = YES;
				GCC_C_LANGUAGE_STANDARD = gnu11;
				GCC_DYNAMIC_NO_PIC = NO;
				GCC_NO_COMMON_BLOCKS = YES;
				GCC_OPTIMIZATION_LEVEL = 0;
				GCC_PREPROCESSOR_DEFINITIONS = (
					"DEBUG=1",
					"$(inherited)",
				);
				GCC_WARN_64_TO_32_BIT_CONVERSION = YES;
				GCC_WARN_ABOUT_RETURN_TYPE = YES_ERROR;
				GCC_WARN_UNDECLARED_SELECTOR = YES;
				GCC_WARN_UNINITIALIZED_AUTOS = YES_AGGRESSIVE;
				GCC_WARN_UNUSED_FUNCTION = YES;
				GCC_WARN_UNUSED_VARIABLE = YES;
				IPHONEOS_DEPLOYMENT_TARGET = 11.3;
				MTL_ENABLE_DEBUG_INFO = YES;
				ONLY_ACTIVE_ARCH = YES;
				SDKROOT = iphoneos;
				SWIFT_ACTIVE_COMPILATION_CONDITIONS = DEBUG;
				SWIFT_OPTIMIZATION_LEVEL = "-Onone";
			};
			name = Debug;
		};
		F6648FC720BBFCCA00760EA2 /* Release */ = {
			isa = XCBuildConfiguration;
			buildSettings = {
				ALWAYS_SEARCH_USER_PATHS = NO;
				CLANG_ANALYZER_NONNULL = YES;
				CLANG_ANALYZER_NUMBER_OBJECT_CONVERSION = YES_AGGRESSIVE;
				CLANG_CXX_LANGUAGE_STANDARD = "gnu++14";
				CLANG_CXX_LIBRARY = "libc++";
				CLANG_ENABLE_MODULES = YES;
				CLANG_ENABLE_OBJC_ARC = YES;
				CLANG_ENABLE_OBJC_WEAK = YES;
				CLANG_WARN_BLOCK_CAPTURE_AUTORELEASING = YES;
				CLANG_WARN_BOOL_CONVERSION = YES;
				CLANG_WARN_COMMA = YES;
				CLANG_WARN_CONSTANT_CONVERSION = YES;
				CLANG_WARN_DEPRECATED_OBJC_IMPLEMENTATIONS = YES;
				CLANG_WARN_DIRECT_OBJC_ISA_USAGE = YES_ERROR;
				CLANG_WARN_DOCUMENTATION_COMMENTS = YES;
				CLANG_WARN_EMPTY_BODY = YES;
				CLANG_WARN_ENUM_CONVERSION = YES;
				CLANG_WARN_INFINITE_RECURSION = YES;
				CLANG_WARN_INT_CONVERSION = YES;
				CLANG_WARN_NON_LITERAL_NULL_CONVERSION = YES;
				CLANG_WARN_OBJC_IMPLICIT_RETAIN_SELF = YES;
				CLANG_WARN_OBJC_LITERAL_CONVERSION = YES;
				CLANG_WARN_OBJC_ROOT_CLASS = YES_ERROR;
				CLANG_WARN_RANGE_LOOP_ANALYSIS = YES;
				CLANG_WARN_STRICT_PROTOTYPES = YES;
				CLANG_WARN_SUSPICIOUS_MOVE = YES;
				CLANG_WARN_UNGUARDED_AVAILABILITY = YES_AGGRESSIVE;
				CLANG_WARN_UNREACHABLE_CODE = YES;
				CLANG_WARN__DUPLICATE_METHOD_MATCH = YES;
				CODE_SIGN_IDENTITY = "iPhone Developer";
				COPY_PHASE_STRIP = NO;
				DEBUG_INFORMATION_FORMAT = "dwarf-with-dsym";
				ENABLE_NS_ASSERTIONS = NO;
				ENABLE_STRICT_OBJC_MSGSEND = YES;
				GCC_C_LANGUAGE_STANDARD = gnu11;
				GCC_NO_COMMON_BLOCKS = YES;
				GCC_WARN_64_TO_32_BIT_CONVERSION = YES;
				GCC_WARN_ABOUT_RETURN_TYPE = YES_ERROR;
				GCC_WARN_UNDECLARED_SELECTOR = YES;
				GCC_WARN_UNINITIALIZED_AUTOS = YES_AGGRESSIVE;
				GCC_WARN_UNUSED_FUNCTION = YES;
				GCC_WARN_UNUSED_VARIABLE = YES;
				IPHONEOS_DEPLOYMENT_TARGET = 11.3;
				MTL_ENABLE_DEBUG_INFO = NO;
				SDKROOT = iphoneos;
				SWIFT_COMPILATION_MODE = wholemodule;
				SWIFT_OPTIMIZATION_LEVEL = "-O";
				VALIDATE_PRODUCT = YES;
			};
			name = Release;
		};
		F6648FC920BBFCCA00760EA2 /* Debug */ = {
			isa = XCBuildConfiguration;
			buildSettings = {
				ASSETCATALOG_COMPILER_APPICON_NAME = AppIcon;
				CODE_SIGN_STYLE = Automatic;
				DEVELOPMENT_TEAM = JQ4D8P9XGR;
				INFOPLIST_FILE = Pokedex/Info.plist;
				LD_RUNPATH_SEARCH_PATHS = (
					"$(inherited)",
					"@executable_path/Frameworks",
				);
				PRODUCT_BUNDLE_IDENTIFIER = com.davide.apps.Pokedex;
				PRODUCT_NAME = "$(TARGET_NAME)";
				SWIFT_VERSION = 4.0;
				TARGETED_DEVICE_FAMILY = "1,2";
			};
			name = Debug;
		};
		F6648FCA20BBFCCA00760EA2 /* Release */ = {
			isa = XCBuildConfiguration;
			buildSettings = {
				ASSETCATALOG_COMPILER_APPICON_NAME = AppIcon;
				CODE_SIGN_STYLE = Automatic;
				DEVELOPMENT_TEAM = JQ4D8P9XGR;
				INFOPLIST_FILE = Pokedex/Info.plist;
				LD_RUNPATH_SEARCH_PATHS = (
					"$(inherited)",
					"@executable_path/Frameworks",
				);
				PRODUCT_BUNDLE_IDENTIFIER = com.davide.apps.Pokedex;
				PRODUCT_NAME = "$(TARGET_NAME)";
				SWIFT_VERSION = 4.0;
				TARGETED_DEVICE_FAMILY = "1,2";
			};
			name = Release;
		};
/* End XCBuildConfiguration section */

/* Begin XCConfigurationList section */
		F6648FAE20BBFCC900760EA2 /* Build configuration list for PBXProject "Pokedex" */ = {
			isa = XCConfigurationList;
			buildConfigurations = (
				F6648FC620BBFCCA00760EA2 /* Debug */,
				F6648FC720BBFCCA00760EA2 /* Release */,
			);
			defaultConfigurationIsVisible = 0;
			defaultConfigurationName = Release;
		};
		F6648FC820BBFCCA00760EA2 /* Build configuration list for PBXNativeTarget "Pokedex" */ = {
			isa = XCConfigurationList;
			buildConfigurations = (
				F6648FC920BBFCCA00760EA2 /* Debug */,
				F6648FCA20BBFCCA00760EA2 /* Release */,
			);
			defaultConfigurationIsVisible = 0;
			defaultConfigurationName = Release;
		};
/* End XCConfigurationList section */

/* Begin XCVersionGroup section */
		F6648FBD20BBFCC900760EA2 /* Pokedex.xcdatamodeld */ = {
			isa = XCVersionGroup;
			children = (
				F6648FBE20BBFCC900760EA2 /* Pokedex.xcdatamodel */,
			);
			currentVersion = F6648FBE20BBFCC900760EA2 /* Pokedex.xcdatamodel */;
			path = Pokedex.xcdatamodeld;
			sourceTree = "<group>";
			versionGroupType = wrapper.xcdatamodel;
		};
/* End XCVersionGroup section */
	};
	rootObject = F6648FAB20BBFCC900760EA2 /* Project object */;
}
